
Microsoft Visual Studio Solution File, Format Version 12.00
# Visual Studio Version 17
VisualStudioVersion = 17.13.35931.197 d17.13
MinimumVisualStudioVersion = 10.0.40219.1
Project("{FAE04EC0-301F-11D3-BF4B-00C04F79EFBC}") = "EjercicioMetodoReturn", "EjercicioMetodoReturn\EjercicioMetodoReturn.csproj", "{2631368B-4C4C-434B-9FBD-E7B51D7DBA5A}"
EndProject
Global
	GlobalSection(SolutionConfigurationPlatforms) = preSolution
		Debug|Any CPU = Debug|Any CPU
		Release|Any CPU = Release|Any CPU
	EndGlobalSection
	GlobalSection(ProjectConfigurationPlatforms) = postSolution
		{2631368B-4C4C-434B-9FBD-E7B51D7DBA5A}.Debug|Any CPU.ActiveCfg = Debug|Any CPU
		{2631368B-4C4C-434B-9FBD-E7B51D7DBA5A}.Debug|Any CPU.Build.0 = Debug|Any CPU
		{2631368B-4C4C-434B-9FBD-E7B51D7DBA5A}.Release|Any CPU.ActiveCfg = Release|Any CPU
		{2631368B-4C4C-434B-9FBD-E7B51D7DBA5A}.Release|Any CPU.Build.0 = Release|Any CPU
	EndGlobalSection
	GlobalSection(SolutionProperties) = preSolution
		HideSolutionNode = FALSE
	EndGlobalSection
	GlobalSection(ExtensibilityGlobals) = postSolution
		SolutionGuid = {4CD2DAAD-2874-49B9-9DA8-F805DE8FB13E}
	EndGlobalSection
EndGlobal
